
Microsoft Visual Studio Solution File, Format Version 12.00
# Visual Studio Version 17
VisualStudioVersion = 17.4.33213.308
MinimumVisualStudioVersion = 10.0.40219.1
Project("{9A19103F-16F7-4668-BE54-9A1E7A4F7556}") = "Data.EFCore.Generic", "Data.EFCore.Generic\Data.EFCore.Generic.csproj", "{9BF18BFF-2DBB-4CA0-A459-3FE3A9E1C798}"
EndProject
Project("{2150E333-8FDC-42A3-9474-1A3956D46DE8}") = ".github", ".github", "{E43CE6D2-955F-4D75-8C57-B5034D830C36}"
EndProject
Project("{2150E333-8FDC-42A3-9474-1A3956D46DE8}") = "workflows", "workflows", "{E56BC708-E8B2-46B2-9921-AD584953EA96}"
	ProjectSection(SolutionItems) = preProject
		.github\workflows\publish.yml = .github\workflows\publish.yml
	EndProjectSection
EndProject
Global
	GlobalSection(SolutionConfigurationPlatforms) = preSolution
		Debug|Any CPU = Debug|Any CPU
		Release|Any CPU = Release|Any CPU
	EndGlobalSection
	GlobalSection(ProjectConfigurationPlatforms) = postSolution
		{9BF18BFF-2DBB-4CA0-A459-3FE3A9E1C798}.Debug|Any CPU.ActiveCfg = Debug|Any CPU
		{9BF18BFF-2DBB-4CA0-A459-3FE3A9E1C798}.Debug|Any CPU.Build.0 = Debug|Any CPU
		{9BF18BFF-2DBB-4CA0-A459-3FE3A9E1C798}.Release|Any CPU.ActiveCfg = Release|Any CPU
		{9BF18BFF-2DBB-4CA0-A459-3FE3A9E1C798}.Release|Any CPU.Build.0 = Release|Any CPU
	EndGlobalSection
	GlobalSection(SolutionProperties) = preSolution
		HideSolutionNode = FALSE
	EndGlobalSection
	GlobalSection(NestedProjects) = preSolution
		{E56BC708-E8B2-46B2-9921-AD584953EA96} = {E43CE6D2-955F-4D75-8C57-B5034D830C36}
	EndGlobalSection
	GlobalSection(ExtensibilityGlobals) = postSolution
		SolutionGuid = {F8BBFCF7-AE5E-4477-9635-8F1620CB60E2}
	EndGlobalSection
EndGlobal
